// !$*UTF8*$!
{
	archiveVersion = 1;
	classes = {
	};
	objectVersion = 50;
	objects = {

/* Begin PBXBuildFile section */
		3E0C0EE92370574C008F846B /* LetterListViewController.swift in Sources */ = {isa = PBXBuildFile; fileRef = 3E0C0EE62370574C008F846B /* LetterListViewController.swift */; };
		3E0C0EEA2370574C008F846B /* LetterWriteViewController.swift in Sources */ = {isa = PBXBuildFile; fileRef = 3E0C0EE72370574C008F846B /* LetterWriteViewController.swift */; };
		3E0C0EEB2370574C008F846B /* PhotoEditViewController.swift in Sources */ = {isa = PBXBuildFile; fileRef = 3E0C0EE82370574C008F846B /* PhotoEditViewController.swift */; };
		3E78FF1623716BE500486387 /* Main.storyboard in Resources */ = {isa = PBXBuildFile; fileRef = 3EC834C3236303C600B1992B /* Main.storyboard */; };
		3E78FF3B23716F3B00486387 /* LaunchScreen.storyboard in Resources */ = {isa = PBXBuildFile; fileRef = 3E78FF3A23716F3B00486387 /* LaunchScreen.storyboard */; };
		3EBF012223717B8200181C96 /* SceneDelegate.swift in Sources */ = {isa = PBXBuildFile; fileRef = 3EBF012123717B8200181C96 /* SceneDelegate.swift */; };
		3EBF012423719BB100181C96 /* Letter.swift in Sources */ = {isa = PBXBuildFile; fileRef = 3EBF012323719BB100181C96 /* Letter.swift */; };
		3EBF01282371A7E700181C96 /* GradientView.swift in Sources */ = {isa = PBXBuildFile; fileRef = 3EBF01272371A7E700181C96 /* GradientView.swift */; };
		3EBF012A2371A84D00181C96 /* Color.swift in Sources */ = {isa = PBXBuildFile; fileRef = 3EBF01292371A84D00181C96 /* Color.swift */; };
		3EBF012C2371AE5F00181C96 /* ShadowView.swift in Sources */ = {isa = PBXBuildFile; fileRef = 3EBF012B2371AE5F00181C96 /* ShadowView.swift */; };
		3EC834B12363017A00B1992B /* PhotoLetter.xcdatamodeld in Sources */ = {isa = PBXBuildFile; fileRef = 3EC834AC2363017A00B1992B /* PhotoLetter.xcdatamodeld */; };
		3EC834B22363017A00B1992B /* Assets.xcassets in Resources */ = {isa = PBXBuildFile; fileRef = 3EC834AE2363017A00B1992B /* Assets.xcassets */; };
		3EC834B62363018600B1992B /* AppDelegate.swift in Sources */ = {isa = PBXBuildFile; fileRef = 3EC834B52363018600B1992B /* AppDelegate.swift */; };
/* End PBXBuildFile section */

/* Begin PBXFileReference section */
		3E0C0EE62370574C008F846B /* LetterListViewController.swift */ = {isa = PBXFileReference; fileEncoding = 4; lastKnownFileType = sourcecode.swift; path = LetterListViewController.swift; sourceTree = "<group>"; };
		3E0C0EE72370574C008F846B /* LetterWriteViewController.swift */ = {isa = PBXFileReference; fileEncoding = 4; lastKnownFileType = sourcecode.swift; path = LetterWriteViewController.swift; sourceTree = "<group>"; };
		3E0C0EE82370574C008F846B /* PhotoEditViewController.swift */ = {isa = PBXFileReference; fileEncoding = 4; lastKnownFileType = sourcecode.swift; path = PhotoEditViewController.swift; sourceTree = "<group>"; };
		3E0CE20E235D840E00DB8054 /* PhotoLetter.app */ = {isa = PBXFileReference; explicitFileType = wrapper.application; includeInIndex = 0; path = PhotoLetter.app; sourceTree = BUILT_PRODUCTS_DIR; };
		3E78FF3A23716F3B00486387 /* LaunchScreen.storyboard */ = {isa = PBXFileReference; fileEncoding = 4; lastKnownFileType = file.storyboard; path = LaunchScreen.storyboard; sourceTree = "<group>"; };
		3EBF012123717B8200181C96 /* SceneDelegate.swift */ = {isa = PBXFileReference; lastKnownFileType = sourcecode.swift; path = SceneDelegate.swift; sourceTree = "<group>"; };
		3EBF012323719BB100181C96 /* Letter.swift */ = {isa = PBXFileReference; lastKnownFileType = sourcecode.swift; path = Letter.swift; sourceTree = "<group>"; };
		3EBF01272371A7E700181C96 /* GradientView.swift */ = {isa = PBXFileReference; lastKnownFileType = sourcecode.swift; path = GradientView.swift; sourceTree = "<group>"; };
		3EBF01292371A84D00181C96 /* Color.swift */ = {isa = PBXFileReference; lastKnownFileType = sourcecode.swift; path = Color.swift; sourceTree = "<group>"; };
		3EBF012B2371AE5F00181C96 /* ShadowView.swift */ = {isa = PBXFileReference; lastKnownFileType = sourcecode.swift; path = ShadowView.swift; sourceTree = "<group>"; };
		3EC834AD2363017A00B1992B /* PhotoLetter.xcdatamodel */ = {isa = PBXFileReference; lastKnownFileType = wrapper.xcdatamodel; path = PhotoLetter.xcdatamodel; sourceTree = "<group>"; };
		3EC834AE2363017A00B1992B /* Assets.xcassets */ = {isa = PBXFileReference; lastKnownFileType = folder.assetcatalog; path = Assets.xcassets; sourceTree = "<group>"; };
		3EC834B02363017A00B1992B /* Info.plist */ = {isa = PBXFileReference; fileEncoding = 4; lastKnownFileType = text.plist.xml; path = Info.plist; sourceTree = "<group>"; };
		3EC834B52363018600B1992B /* AppDelegate.swift */ = {isa = PBXFileReference; fileEncoding = 4; lastKnownFileType = sourcecode.swift; path = AppDelegate.swift; sourceTree = "<group>"; };
		3EC834C3236303C600B1992B /* Main.storyboard */ = {isa = PBXFileReference; lastKnownFileType = file.storyboard; path = Main.storyboard; sourceTree = "<group>"; };
/* End PBXFileReference section */

/* Begin PBXFrameworksBuildPhase section */
		3E0CE20B235D840E00DB8054 /* Frameworks */ = {
			isa = PBXFrameworksBuildPhase;
			buildActionMask = 2147483647;
			files = (
			);
			runOnlyForDeploymentPostprocessing = 0;
		};
/* End PBXFrameworksBuildPhase section */

/* Begin PBXGroup section */
		3E0C0EE123705691008F846B /* Model */ = {
			isa = PBXGroup;
			children = (
				3EBF012323719BB100181C96 /* Letter.swift */,
				3EBF01292371A84D00181C96 /* Color.swift */,
			);
			path = Model;
			sourceTree = "<group>";
		};
		3E0C0EE223705697008F846B /* View */ = {
			isa = PBXGroup;
			children = (
				3EBF01272371A7E700181C96 /* GradientView.swift */,
				3EBF012B2371AE5F00181C96 /* ShadowView.swift */,
			);
			path = View;
			sourceTree = "<group>";
		};
		3E0C0EE32370569D008F846B /* Controllers */ = {
			isa = PBXGroup;
			children = (
				3E0C0EE62370574C008F846B /* LetterListViewController.swift */,
				3E0C0EE72370574C008F846B /* LetterWriteViewController.swift */,
				3E0C0EE82370574C008F846B /* PhotoEditViewController.swift */,
			);
			path = Controllers;
			sourceTree = "<group>";
		};
		3E0C0EE4237056A6008F846B /* Resources */ = {
			isa = PBXGroup;
			children = (
				3EC834AE2363017A00B1992B /* Assets.xcassets */,
				3E78FF3A23716F3B00486387 /* LaunchScreen.storyboard */,
				3EC834C3236303C600B1992B /* Main.storyboard */,
				3EC834AC2363017A00B1992B /* PhotoLetter.xcdatamodeld */,
			);
			path = Resources;
			sourceTree = "<group>";
		};
		3E0C0EE5237056D8008F846B /* Supporting Files */ = {
			isa = PBXGroup;
			children = (
				3EC834B02363017A00B1992B /* Info.plist */,
			);
			path = "Supporting Files";
			sourceTree = "<group>";
		};
		3E0CE205235D840E00DB8054 = {
			isa = PBXGroup;
			children = (
				3E0CE210235D840E00DB8054 /* PhotoLetter */,
				3E0CE20F235D840E00DB8054 /* Products */,
			);
			sourceTree = "<group>";
		};
		3E0CE20F235D840E00DB8054 /* Products */ = {
			isa = PBXGroup;
			children = (
				3E0CE20E235D840E00DB8054 /* PhotoLetter.app */,
			);
			name = Products;
			sourceTree = "<group>";
		};
		3E0CE210235D840E00DB8054 /* PhotoLetter */ = {
			isa = PBXGroup;
			children = (
				3EC834B52363018600B1992B /* AppDelegate.swift */,
				3EBF012123717B8200181C96 /* SceneDelegate.swift */,
				3E0C0EE123705691008F846B /* Model */,
				3E0C0EE223705697008F846B /* View */,
				3E0C0EE32370569D008F846B /* Controllers */,
				3E0C0EE4237056A6008F846B /* Resources */,
				3E0C0EE5237056D8008F846B /* Supporting Files */,
			);
			path = PhotoLetter;
			sourceTree = "<group>";
		};
/* End PBXGroup section */

/* Begin PBXNativeTarget section */
		3E0CE20D235D840E00DB8054 /* PhotoLetter */ = {
			isa = PBXNativeTarget;
			buildConfigurationList = 3E0CE225235D841000DB8054 /* Build configuration list for PBXNativeTarget "PhotoLetter" */;
			buildPhases = (
				3E0CE20A235D840E00DB8054 /* Sources */,
				3E0CE20B235D840E00DB8054 /* Frameworks */,
				3E0CE20C235D840E00DB8054 /* Resources */,
			);
			buildRules = (
			);
			dependencies = (
			);
			name = PhotoLetter;
			productName = PhotoLetter;
			productReference = 3E0CE20E235D840E00DB8054 /* PhotoLetter.app */;
			productType = "com.apple.product-type.application";
		};
/* End PBXNativeTarget section */

/* Begin PBXProject section */
		3E0CE206235D840E00DB8054 /* Project object */ = {
			isa = PBXProject;
			attributes = {
				LastSwiftUpdateCheck = 1110;
				LastUpgradeCheck = 1110;
				ORGANIZATIONNAME = "김예빈";
				TargetAttributes = {
					3E0CE20D235D840E00DB8054 = {
						CreatedOnToolsVersion = 11.1;
						LastSwiftMigration = 1110;
					};
				};
			};
			buildConfigurationList = 3E0CE209235D840E00DB8054 /* Build configuration list for PBXProject "PhotoLetter" */;
			compatibilityVersion = "Xcode 9.3";
			developmentRegion = en;
			hasScannedForEncodings = 0;
			knownRegions = (
				en,
				Base,
			);
			mainGroup = 3E0CE205235D840E00DB8054;
			productRefGroup = 3E0CE20F235D840E00DB8054 /* Products */;
			projectDirPath = "";
			projectRoot = "";
			targets = (
				3E0CE20D235D840E00DB8054 /* PhotoLetter */,
			);
		};
/* End PBXProject section */

/* Begin PBXResourcesBuildPhase section */
		3E0CE20C235D840E00DB8054 /* Resources */ = {
			isa = PBXResourcesBuildPhase;
			buildActionMask = 2147483647;
			files = (
				3E78FF3B23716F3B00486387 /* LaunchScreen.storyboard in Resources */,
				3E78FF1623716BE500486387 /* Main.storyboard in Resources */,
				3EC834B22363017A00B1992B /* Assets.xcassets in Resources */,
			);
			runOnlyForDeploymentPostprocessing = 0;
		};
/* End PBXResourcesBuildPhase section */

/* Begin PBXSourcesBuildPhase section */
		3E0CE20A235D840E00DB8054 /* Sources */ = {
			isa = PBXSourcesBuildPhase;
			buildActionMask = 2147483647;
			files = (
				3EBF012423719BB100181C96 /* Letter.swift in Sources */,
				3E0C0EEA2370574C008F846B /* LetterWriteViewController.swift in Sources */,
				3E0C0EEB2370574C008F846B /* PhotoEditViewController.swift in Sources */,
				3EC834B62363018600B1992B /* AppDelegate.swift in Sources */,
				3EBF012C2371AE5F00181C96 /* ShadowView.swift in Sources */,
				3E0C0EE92370574C008F846B /* LetterListViewController.swift in Sources */,
				3EC834B12363017A00B1992B /* PhotoLetter.xcdatamodeld in Sources */,
				3EBF01282371A7E700181C96 /* GradientView.swift in Sources */,
				3EBF012223717B8200181C96 /* SceneDelegate.swift in Sources */,
				3EBF012A2371A84D00181C96 /* Color.swift in Sources */,
			);
			runOnlyForDeploymentPostprocessing = 0;
		};
/* End PBXSourcesBuildPhase section */

/* Begin XCBuildConfiguration section */
		3E0CE223235D841000DB8054 /* Debug */ = {
			isa = XCBuildConfiguration;
			buildSettings = {
				ALWAYS_SEARCH_USER_PATHS = NO;
				CLANG_ANALYZER_NONNULL = YES;
				CLANG_ANALYZER_NUMBER_OBJECT_CONVERSION = YES_AGGRESSIVE;
				CLANG_CXX_LANGUAGE_STANDARD = "gnu++14";
				CLANG_CXX_LIBRARY = "libc++";
				CLANG_ENABLE_MODULES = YES;
				CLANG_ENABLE_OBJC_ARC = YES;
				CLANG_ENABLE_OBJC_WEAK = YES;
				CLANG_WARN_BLOCK_CAPTURE_AUTORELEASING = YES;
				CLANG_WARN_BOOL_CONVERSION = YES;
				CLANG_WARN_COMMA = YES;
				CLANG_WARN_CONSTANT_CONVERSION = YES;
				CLANG_WARN_DEPRECATED_OBJC_IMPLEMENTATIONS = YES;
				CLANG_WARN_DIRECT_OBJC_ISA_USAGE = YES_ERROR;
				CLANG_WARN_DOCUMENTATION_COMMENTS = YES;
				CLANG_WARN_EMPTY_BODY = YES;
				CLANG_WARN_ENUM_CONVERSION = YES;
				CLANG_WARN_INFINITE_RECURSION = YES;
				CLANG_WARN_INT_CONVERSION = YES;
				CLANG_WARN_NON_LITERAL_NULL_CONVERSION = YES;
				CLANG_WARN_OBJC_IMPLICIT_RETAIN_SELF = YES;
				CLANG_WARN_OBJC_LITERAL_CONVERSION = YES;
				CLANG_WARN_OBJC_ROOT_CLASS = YES_ERROR;
				CLANG_WARN_RANGE_LOOP_ANALYSIS = YES;
				CLANG_WARN_STRICT_PROTOTYPES = YES;
				CLANG_WARN_SUSPICIOUS_MOVE = YES;
				CLANG_WARN_UNGUARDED_AVAILABILITY = YES_AGGRESSIVE;
				CLANG_WARN_UNREACHABLE_CODE = YES;
				CLANG_WARN__DUPLICATE_METHOD_MATCH = YES;
				COPY_PHASE_STRIP = NO;
				DEBUG_INFORMATION_FORMAT = dwarf;
				ENABLE_STRICT_OBJC_MSGSEND = YES;
				ENABLE_TESTABILITY = YES;
				GCC_C_LANGUAGE_STANDARD = gnu11;
				GCC_DYNAMIC_NO_PIC = NO;
				GCC_NO_COMMON_BLOCKS = YES;
				GCC_OPTIMIZATION_LEVEL = 0;
				GCC_PREPROCESSOR_DEFINITIONS = (
					"DEBUG=1",
					"$(inherited)",
				);
				GCC_WARN_64_TO_32_BIT_CONVERSION = YES;
				GCC_WARN_ABOUT_RETURN_TYPE = YES_ERROR;
				GCC_WARN_UNDECLARED_SELECTOR = YES;
				GCC_WARN_UNINITIALIZED_AUTOS = YES_AGGRESSIVE;
				GCC_WARN_UNUSED_FUNCTION = YES;
				GCC_WARN_UNUSED_VARIABLE = YES;
				IPHONEOS_DEPLOYMENT_TARGET = 13.1;
				MTL_ENABLE_DEBUG_INFO = INCLUDE_SOURCE;
				MTL_FAST_MATH = YES;
				ONLY_ACTIVE_ARCH = YES;
				SDKROOT = iphoneos;
				SWIFT_ACTIVE_COMPILATION_CONDITIONS = DEBUG;
				SWIFT_OPTIMIZATION_LEVEL = "-Onone";
			};
			name = Debug;
		};
		3E0CE224235D841000DB8054 /* Release */ = {
			isa = XCBuildConfiguration;
			buildSettings = {
				ALWAYS_SEARCH_USER_PATHS = NO;
				CLANG_ANALYZER_NONNULL = YES;
				CLANG_ANALYZER_NUMBER_OBJECT_CONVERSION = YES_AGGRESSIVE;
				CLANG_CXX_LANGUAGE_STANDARD = "gnu++14";
				CLANG_CXX_LIBRARY = "libc++";
				CLANG_ENABLE_MODULES = YES;
				CLANG_ENABLE_OBJC_ARC = YES;
				CLANG_ENABLE_OBJC_WEAK = YES;
				CLANG_WARN_BLOCK_CAPTURE_AUTORELEASING = YES;
				CLANG_WARN_BOOL_CONVERSION = YES;
				CLANG_WARN_COMMA = YES;
				CLANG_WARN_CONSTANT_CONVERSION = YES;
				CLANG_WARN_DEPRECATED_OBJC_IMPLEMENTATIONS = YES;
				CLANG_WARN_DIRECT_OBJC_ISA_USAGE = YES_ERROR;
				CLANG_WARN_DOCUMENTATION_COMMENTS = YES;
				CLANG_WARN_EMPTY_BODY = YES;
				CLANG_WARN_ENUM_CONVERSION = YES;
				CLANG_WARN_INFINITE_RECURSION = YES;
				CLANG_WARN_INT_CONVERSION = YES;
				CLANG_WARN_NON_LITERAL_NULL_CONVERSION = YES;
				CLANG_WARN_OBJC_IMPLICIT_RETAIN_SELF = YES;
				CLANG_WARN_OBJC_LITERAL_CONVERSION = YES;
				CLANG_WARN_OBJC_ROOT_CLASS = YES_ERROR;
				CLANG_WARN_RANGE_LOOP_ANALYSIS = YES;
				CLANG_WARN_STRICT_PROTOTYPES = YES;
				CLANG_WARN_SUSPICIOUS_MOVE = YES;
				CLANG_WARN_UNGUARDED_AVAILABILITY = YES_AGGRESSIVE;
				CLANG_WARN_UNREACHABLE_CODE = YES;
				CLANG_WARN__DUPLICATE_METHOD_MATCH = YES;
				COPY_PHASE_STRIP = NO;
				DEBUG_INFORMATION_FORMAT = "dwarf-with-dsym";
				ENABLE_NS_ASSERTIONS = NO;
				ENABLE_STRICT_OBJC_MSGSEND = YES;
				GCC_C_LANGUAGE_STANDARD = gnu11;
				GCC_NO_COMMON_BLOCKS = YES;
				GCC_WARN_64_TO_32_BIT_CONVERSION = YES;
				GCC_WARN_ABOUT_RETURN_TYPE = YES_ERROR;
				GCC_WARN_UNDECLARED_SELECTOR = YES;
				GCC_WARN_UNINITIALIZED_AUTOS = YES_AGGRESSIVE;
				GCC_WARN_UNUSED_FUNCTION = YES;
				GCC_WARN_UNUSED_VARIABLE = YES;
				IPHONEOS_DEPLOYMENT_TARGET = 13.1;
				MTL_ENABLE_DEBUG_INFO = NO;
				MTL_FAST_MATH = YES;
				SDKROOT = iphoneos;
				SWIFT_COMPILATION_MODE = wholemodule;
				SWIFT_OPTIMIZATION_LEVEL = "-O";
				VALIDATE_PRODUCT = YES;
			};
			name = Release;
		};
		3E0CE226235D841000DB8054 /* Debug */ = {
			isa = XCBuildConfiguration;
			buildSettings = {
				ASSETCATALOG_COMPILER_APPICON_NAME = AppIcon;
				CLANG_ENABLE_MODULES = YES;
				CODE_SIGN_STYLE = Automatic;
				DEVELOPMENT_TEAM = G5RZ7AYRC2;
				INFOPLIST_FILE = "$(SRCROOT)/PhotoLetter/Supporting Files/Info.plist";
				LD_RUNPATH_SEARCH_PATHS = (
					"$(inherited)",
					"@executable_path/Frameworks",
				);
				MARKETING_VERSION = 0.1;
				PRODUCT_BUNDLE_IDENTIFIER = student.YB.PhotoLetter;
				PRODUCT_NAME = "$(TARGET_NAME)";
				SWIFT_OPTIMIZATION_LEVEL = "-Onone";
				SWIFT_VERSION = 5.0;
				TARGETED_DEVICE_FAMILY = "1,2";
			};
			name = Debug;
		};
		3E0CE227235D841000DB8054 /* Release */ = {
			isa = XCBuildConfiguration;
			buildSettings = {
				ASSETCATALOG_COMPILER_APPICON_NAME = AppIcon;
				CLANG_ENABLE_MODULES = YES;
				CODE_SIGN_STYLE = Automatic;
				DEVELOPMENT_TEAM = G5RZ7AYRC2;
				INFOPLIST_FILE = "$(SRCROOT)/PhotoLetter/Supporting Files/Info.plist";
				LD_RUNPATH_SEARCH_PATHS = (
					"$(inherited)",
					"@executable_path/Frameworks",
				);
				MARKETING_VERSION = 0.1;
				PRODUCT_BUNDLE_IDENTIFIER = student.YB.PhotoLetter;
				PRODUCT_NAME = "$(TARGET_NAME)";
				SWIFT_VERSION = 5.0;
				TARGETED_DEVICE_FAMILY = "1,2";
			};
			name = Release;
		};
/* End XCBuildConfiguration section */

/* Begin XCConfigurationList section */
		3E0CE209235D840E00DB8054 /* Build configuration list for PBXProject "PhotoLetter" */ = {
			isa = XCConfigurationList;
			buildConfigurations = (
				3E0CE223235D841000DB8054 /* Debug */,
				3E0CE224235D841000DB8054 /* Release */,
			);
			defaultConfigurationIsVisible = 0;
			defaultConfigurationName = Release;
		};
		3E0CE225235D841000DB8054 /* Build configuration list for PBXNativeTarget "PhotoLetter" */ = {
			isa = XCConfigurationList;
			buildConfigurations = (
				3E0CE226235D841000DB8054 /* Debug */,
				3E0CE227235D841000DB8054 /* Release */,
			);
			defaultConfigurationIsVisible = 0;
			defaultConfigurationName = Release;
		};
/* End XCConfigurationList section */

/* Begin XCVersionGroup section */
		3EC834AC2363017A00B1992B /* PhotoLetter.xcdatamodeld */ = {
			isa = XCVersionGroup;
			children = (
				3EC834AD2363017A00B1992B /* PhotoLetter.xcdatamodel */,
			);
			currentVersion = 3EC834AD2363017A00B1992B /* PhotoLetter.xcdatamodel */;
			path = PhotoLetter.xcdatamodeld;
			sourceTree = "<group>";
			versionGroupType = wrapper.xcdatamodel;
		};
/* End XCVersionGroup section */
	};
	rootObject = 3E0CE206235D840E00DB8054 /* Project object */;
}
